
Microsoft Visual Studio Solution File, Format Version 12.00
# Visual Studio Version 17
VisualStudioVersion = 17.4.33122.133
MinimumVisualStudioVersion = 10.0.40219.1
Project("{FAE04EC0-301F-11D3-BF4B-00C04F79EFBC}") = "AxBraceGuideLineExtension", "AxBraceGuideLineExtension\AxBraceGuideLineExtension.csproj", "{5E0D8C41-14CD-4076-BF73-E3E975799629}"
EndProject
Global
	GlobalSection(SolutionConfigurationPlatforms) = preSolution
		Debug|Any CPU = Debug|Any CPU
		Release|Any CPU = Release|Any CPU
	EndGlobalSection
	GlobalSection(ProjectConfigurationPlatforms) = postSolution
		{5E0D8C41-14CD-4076-BF73-E3E975799629}.Debug|Any CPU.ActiveCfg = Debug|Any CPU
		{5E0D8C41-14CD-4076-BF73-E3E975799629}.Debug|Any CPU.Build.0 = Debug|Any CPU
		{5E0D8C41-14CD-4076-BF73-E3E975799629}.Release|Any CPU.ActiveCfg = Release|Any CPU
		{5E0D8C41-14CD-4076-BF73-E3E975799629}.Release|Any CPU.Build.0 = Release|Any CPU
	EndGlobalSection
	GlobalSection(SolutionProperties) = preSolution
		HideSolutionNode = FALSE
	EndGlobalSection
	GlobalSection(ExtensibilityGlobals) = postSolution
		SolutionGuid = {D2E12FDD-AEAF-4D7E-BDE4-2B62B8F80EB3}
	EndGlobalSection
EndGlobal
